
Microsoft Visual Studio Solution File, Format Version 12.00
# Visual Studio 15
VisualStudioVersion = 15.0.28307.1259
MinimumVisualStudioVersion = 10.0.40219.1
Project("{8BC9CEB8-8B4A-11D0-8D11-00A0C91BC942}") = "gl3dv", "gl3dv.vcxproj", "{E3994544-35EE-4FB9-BC56-15ED0C405DCB}"
EndProject
Global
	GlobalSection(SolutionConfigurationPlatforms) = preSolution
		Debug|Win32 = Debug|Win32
		Release|Win32 = Release|Win32
	EndGlobalSection
	GlobalSection(ProjectConfigurationPlatforms) = postSolution
		{E3994544-35EE-4FB9-BC56-15ED0C405DCB}.Debug|Win32.ActiveCfg = Debug|Win32
		{E3994544-35EE-4FB9-BC56-15ED0C405DCB}.Debug|Win32.Build.0 = Debug|Win32
		{E3994544-35EE-4FB9-BC56-15ED0C405DCB}.Release|Win32.ActiveCfg = Release|Win32
		{E3994544-35EE-4FB9-BC56-15ED0C405DCB}.Release|Win32.Build.0 = Release|Win32
	EndGlobalSection
	GlobalSection(SolutionProperties) = preSolution
		HideSolutionNode = FALSE
	EndGlobalSection
	GlobalSection(ExtensibilityGlobals) = postSolution
		SolutionGuid = {343E1D3A-EABB-4233-8F84-C5DB3D029997}
	EndGlobalSection
EndGlobal
